// !$*UTF8*$!
{
	archiveVersion = 1;
	classes = {
	};
	objectVersion = 46;
	objects = {

/* Begin PBXBuildFile section */
		C1077A881C0D4991004F2238 /* AppDelegate.swift in Sources */ = {isa = PBXBuildFile; fileRef = C1077A871C0D4991004F2238 /* AppDelegate.swift */; };
		C1077A8A1C0D4991004F2238 /* ViewController.swift in Sources */ = {isa = PBXBuildFile; fileRef = C1077A891C0D4991004F2238 /* ViewController.swift */; };
		C1077A8D1C0D4991004F2238 /* Main.storyboard in Resources */ = {isa = PBXBuildFile; fileRef = C1077A8B1C0D4991004F2238 /* Main.storyboard */; };
		C1077A8F1C0D4991004F2238 /* Assets.xcassets in Resources */ = {isa = PBXBuildFile; fileRef = C1077A8E1C0D4991004F2238 /* Assets.xcassets */; };
		C1077A921C0D4991004F2238 /* LaunchScreen.storyboard in Resources */ = {isa = PBXBuildFile; fileRef = C1077A901C0D4991004F2238 /* LaunchScreen.storyboard */; };
		C1077A9A1C0D503B004F2238 /* MyTableViewCell.swift in Sources */ = {isa = PBXBuildFile; fileRef = C1077A991C0D503A004F2238 /* MyTableViewCell.swift */; };
		C1077A9C1C0D5299004F2238 /* MyTableViewCell.xib in Resources */ = {isa = PBXBuildFile; fileRef = C1077A9B1C0D5299004F2238 /* MyTableViewCell.xib */; };
		C1077A9E1C0D56BC004F2238 /* DetailViewController.swift in Sources */ = {isa = PBXBuildFile; fileRef = C1077A9D1C0D56BC004F2238 /* DetailViewController.swift */; };
		C1ACEAA61C27D7E7006B6067 /* DXHttpRequest.swift in Sources */ = {isa = PBXBuildFile; fileRef = C1ACEAA21C27D7E7006B6067 /* DXHttpRequest.swift */; };
		C1ACEAA71C27D7E7006B6067 /* SwiftyJSON.swift in Sources */ = {isa = PBXBuildFile; fileRef = C1ACEAA41C27D7E7006B6067 /* SwiftyJSON.swift */; };
		C1ACEAA81C27D7E7006B6067 /* UIImageView+Network.swift in Sources */ = {isa = PBXBuildFile; fileRef = C1ACEAA51C27D7E7006B6067 /* UIImageView+Network.swift */; };
/* End PBXBuildFile section */

/* Begin PBXFileReference section */
		C1077A841C0D4991004F2238 /* UITableView.app */ = {isa = PBXFileReference; explicitFileType = wrapper.application; includeInIndex = 0; path = UITableView.app; sourceTree = BUILT_PRODUCTS_DIR; };
		C1077A871C0D4991004F2238 /* AppDelegate.swift */ = {isa = PBXFileReference; lastKnownFileType = sourcecode.swift; path = AppDelegate.swift; sourceTree = "<group>"; };
		C1077A891C0D4991004F2238 /* ViewController.swift */ = {isa = PBXFileReference; lastKnownFileType = sourcecode.swift; path = ViewController.swift; sourceTree = "<group>"; };
		C1077A8C1C0D4991004F2238 /* Base */ = {isa = PBXFileReference; lastKnownFileType = file.storyboard; name = Base; path = Base.lproj/Main.storyboard; sourceTree = "<group>"; };
		C1077A8E1C0D4991004F2238 /* Assets.xcassets */ = {isa = PBXFileReference; lastKnownFileType = folder.assetcatalog; path = Assets.xcassets; sourceTree = "<group>"; };
		C1077A911C0D4991004F2238 /* Base */ = {isa = PBXFileReference; lastKnownFileType = file.storyboard; name = Base; path = Base.lproj/LaunchScreen.storyboard; sourceTree = "<group>"; };
		C1077A931C0D4991004F2238 /* Info.plist */ = {isa = PBXFileReference; lastKnownFileType = text.plist.xml; path = Info.plist; sourceTree = "<group>"; };
		C1077A991C0D503A004F2238 /* MyTableViewCell.swift */ = {isa = PBXFileReference; fileEncoding = 4; lastKnownFileType = sourcecode.swift; path = MyTableViewCell.swift; sourceTree = "<group>"; };
		C1077A9B1C0D5299004F2238 /* MyTableViewCell.xib */ = {isa = PBXFileReference; fileEncoding = 4; lastKnownFileType = file.xib; path = MyTableViewCell.xib; sourceTree = "<group>"; };
		C1077A9D1C0D56BC004F2238 /* DetailViewController.swift */ = {isa = PBXFileReference; fileEncoding = 4; lastKnownFileType = sourcecode.swift; path = DetailViewController.swift; sourceTree = "<group>"; };
		C1ACEAA21C27D7E7006B6067 /* DXHttpRequest.swift */ = {isa = PBXFileReference; fileEncoding = 4; lastKnownFileType = sourcecode.swift; path = DXHttpRequest.swift; sourceTree = "<group>"; };
		C1ACEAA31C27D7E7006B6067 /* SwiftyJSON.h */ = {isa = PBXFileReference; fileEncoding = 4; lastKnownFileType = sourcecode.c.h; path = SwiftyJSON.h; sourceTree = "<group>"; };
		C1ACEAA41C27D7E7006B6067 /* SwiftyJSON.swift */ = {isa = PBXFileReference; fileEncoding = 4; lastKnownFileType = sourcecode.swift; path = SwiftyJSON.swift; sourceTree = "<group>"; };
		C1ACEAA51C27D7E7006B6067 /* UIImageView+Network.swift */ = {isa = PBXFileReference; fileEncoding = 4; lastKnownFileType = sourcecode.swift; path = "UIImageView+Network.swift"; sourceTree = "<group>"; };
/* End PBXFileReference section */

/* Begin PBXFrameworksBuildPhase section */
		C1077A811C0D4991004F2238 /* Frameworks */ = {
			isa = PBXFrameworksBuildPhase;
			buildActionMask = 2147483647;
			files = (
			);
			runOnlyForDeploymentPostprocessing = 0;
		};
/* End PBXFrameworksBuildPhase section */

/* Begin PBXGroup section */
		C1077A7B1C0D4991004F2238 = {
			isa = PBXGroup;
			children = (
				C1077A861C0D4991004F2238 /* UITableView */,
				C1077A851C0D4991004F2238 /* Products */,
			);
			sourceTree = "<group>";
		};
		C1077A851C0D4991004F2238 /* Products */ = {
			isa = PBXGroup;
			children = (
				C1077A841C0D4991004F2238 /* UITableView.app */,
			);
			name = Products;
			sourceTree = "<group>";
		};
		C1077A861C0D4991004F2238 /* UITableView */ = {
			isa = PBXGroup;
			children = (
				C1077A871C0D4991004F2238 /* AppDelegate.swift */,
				C14993E01C31365A003E6C51 /* DXHttprequest */,
				C1ACEAA31C27D7E7006B6067 /* SwiftyJSON.h */,
				C1ACEAA41C27D7E7006B6067 /* SwiftyJSON.swift */,
				C1077A891C0D4991004F2238 /* ViewController.swift */,
				C1077A9D1C0D56BC004F2238 /* DetailViewController.swift */,
				C1077A991C0D503A004F2238 /* MyTableViewCell.swift */,
				C1077A9B1C0D5299004F2238 /* MyTableViewCell.xib */,
				C1077A8B1C0D4991004F2238 /* Main.storyboard */,
				C1077A8E1C0D4991004F2238 /* Assets.xcassets */,
				C1077A901C0D4991004F2238 /* LaunchScreen.storyboard */,
				C1077A931C0D4991004F2238 /* Info.plist */,
			);
			path = UITableView;
			sourceTree = "<group>";
		};
		C14993E01C31365A003E6C51 /* DXHttprequest */ = {
			isa = PBXGroup;
			children = (
				C1ACEAA21C27D7E7006B6067 /* DXHttpRequest.swift */,
				C1ACEAA51C27D7E7006B6067 /* UIImageView+Network.swift */,
			);
			name = DXHttprequest;
			sourceTree = "<group>";
		};
/* End PBXGroup section */

/* Begin PBXNativeTarget section */
		C1077A831C0D4991004F2238 /* UITableView */ = {
			isa = PBXNativeTarget;
			buildConfigurationList = C1077A961C0D4991004F2238 /* Build configuration list for PBXNativeTarget "UITableView" */;
			buildPhases = (
				C1077A801C0D4991004F2238 /* Sources */,
				C1077A811C0D4991004F2238 /* Frameworks */,
				C1077A821C0D4991004F2238 /* Resources */,
			);
			buildRules = (
			);
			dependencies = (
			);
			name = UITableView;
			productName = UITableView;
			productReference = C1077A841C0D4991004F2238 /* UITableView.app */;
			productType = "com.apple.product-type.application";
		};
/* End PBXNativeTarget section */

/* Begin PBXProject section */
		C1077A7C1C0D4991004F2238 /* Project object */ = {
			isa = PBXProject;
			attributes = {
				LastSwiftUpdateCheck = 0710;
				LastUpgradeCheck = 0710;
				ORGANIZATIONNAME = apple;
				TargetAttributes = {
					C1077A831C0D4991004F2238 = {
						CreatedOnToolsVersion = 7.1.1;
					};
				};
			};
			buildConfigurationList = C1077A7F1C0D4991004F2238 /* Build configuration list for PBXProject "UITableView" */;
			compatibilityVersion = "Xcode 3.2";
			developmentRegion = English;
			hasScannedForEncodings = 0;
			knownRegions = (
				en,
				Base,
			);
			mainGroup = C1077A7B1C0D4991004F2238;
			productRefGroup = C1077A851C0D4991004F2238 /* Products */;
			projectDirPath = "";
			projectRoot = "";
			targets = (
				C1077A831C0D4991004F2238 /* UITableView */,
			);
		};
/* End PBXProject section */

/* Begin PBXResourcesBuildPhase section */
		C1077A821C0D4991004F2238 /* Resources */ = {
			isa = PBXResourcesBuildPhase;
			buildActionMask = 2147483647;
			files = (
				C1077A921C0D4991004F2238 /* LaunchScreen.storyboard in Resources */,
				C1077A9C1C0D5299004F2238 /* MyTableViewCell.xib in Resources */,
				C1077A8F1C0D4991004F2238 /* Assets.xcassets in Resources */,
				C1077A8D1C0D4991004F2238 /* Main.storyboard in Resources */,
			);
			runOnlyForDeploymentPostprocessing = 0;
		};
/* End PBXResourcesBuildPhase section */

/* Begin PBXSourcesBuildPhase section */
		C1077A801C0D4991004F2238 /* Sources */ = {
			isa = PBXSourcesBuildPhase;
			buildActionMask = 2147483647;
			files = (
				C1077A8A1C0D4991004F2238 /* ViewController.swift in Sources */,
				C1077A881C0D4991004F2238 /* AppDelegate.swift in Sources */,
				C1077A9A1C0D503B004F2238 /* MyTableViewCell.swift in Sources */,
				C1ACEAA71C27D7E7006B6067 /* SwiftyJSON.swift in Sources */,
				C1077A9E1C0D56BC004F2238 /* DetailViewController.swift in Sources */,
				C1ACEAA61C27D7E7006B6067 /* DXHttpRequest.swift in Sources */,
				C1ACEAA81C27D7E7006B6067 /* UIImageView+Network.swift in Sources */,
			);
			runOnlyForDeploymentPostprocessing = 0;
		};
/* End PBXSourcesBuildPhase section */

/* Begin PBXVariantGroup section */
		C1077A8B1C0D4991004F2238 /* Main.storyboard */ = {
			isa = PBXVariantGroup;
			children = (
				C1077A8C1C0D4991004F2238 /* Base */,
			);
			name = Main.storyboard;
			sourceTree = "<group>";
		};
		C1077A901C0D4991004F2238 /* LaunchScreen.storyboard */ = {
			isa = PBXVariantGroup;
			children = (
				C1077A911C0D4991004F2238 /* Base */,
			);
			name = LaunchScreen.storyboard;
			sourceTree = "<group>";
		};
/* End PBXVariantGroup section */

/* Begin XCBuildConfiguration section */
		C1077A941C0D4991004F2238 /* Debug */ = {
			isa = XCBuildConfiguration;
			buildSettings = {
				ALWAYS_SEARCH_USER_PATHS = NO;
				CLANG_CXX_LANGUAGE_STANDARD = "gnu++0x";
				CLANG_CXX_LIBRARY = "libc++";
				CLANG_ENABLE_MODULES = YES;
				CLANG_ENABLE_OBJC_ARC = YES;
				CLANG_WARN_BOOL_CONVERSION = YES;
				CLANG_WARN_CONSTANT_CONVERSION = YES;
				CLANG_WARN_DIRECT_OBJC_ISA_USAGE = YES_ERROR;
				CLANG_WARN_EMPTY_BODY = YES;
				CLANG_WARN_ENUM_CONVERSION = YES;
				CLANG_WARN_INT_CONVERSION = YES;
				CLANG_WARN_OBJC_ROOT_CLASS = YES_ERROR;
				CLANG_WARN_UNREACHABLE_CODE = YES;
				CLANG_WARN__DUPLICATE_METHOD_MATCH = YES;
				"CODE_SIGN_IDENTITY[sdk=iphoneos*]" = "iPhone Developer";
				COPY_PHASE_STRIP = NO;
				DEBUG_INFORMATION_FORMAT = dwarf;
				ENABLE_STRICT_OBJC_MSGSEND = YES;
				ENABLE_TESTABILITY = YES;
				GCC_C_LANGUAGE_STANDARD = gnu99;
				GCC_DYNAMIC_NO_PIC = NO;
				GCC_NO_COMMON_BLOCKS = YES;
				GCC_OPTIMIZATION_LEVEL = 0;
				GCC_PREPROCESSOR_DEFINITIONS = (
					"DEBUG=1",
					"$(inherited)",
				);
				GCC_WARN_64_TO_32_BIT_CONVERSION = YES;
				GCC_WARN_ABOUT_RETURN_TYPE = YES_ERROR;
				GCC_WARN_UNDECLARED_SELECTOR = YES;
				GCC_WARN_UNINITIALIZED_AUTOS = YES_AGGRESSIVE;
				GCC_WARN_UNUSED_FUNCTION = YES;
				GCC_WARN_UNUSED_VARIABLE = YES;
				IPHONEOS_DEPLOYMENT_TARGET = 9.1;
				MTL_ENABLE_DEBUG_INFO = YES;
				ONLY_ACTIVE_ARCH = YES;
				SDKROOT = iphoneos;
				SWIFT_OPTIMIZATION_LEVEL = "-Onone";
				TARGETED_DEVICE_FAMILY = "1,2";
			};
			name = Debug;
		};
		C1077A951C0D4991004F2238 /* Release */ = {
			isa = XCBuildConfiguration;
			buildSettings = {
				ALWAYS_SEARCH_USER_PATHS = NO;
				CLANG_CXX_LANGUAGE_STANDARD = "gnu++0x";
				CLANG_CXX_LIBRARY = "libc++";
				CLANG_ENABLE_MODULES = YES;
				CLANG_ENABLE_OBJC_ARC = YES;
				CLANG_WARN_BOOL_CONVERSION = YES;
				CLANG_WARN_CONSTANT_CONVERSION = YES;
				CLANG_WARN_DIRECT_OBJC_ISA_USAGE = YES_ERROR;
				CLANG_WARN_EMPTY_BODY = YES;
				CLANG_WARN_ENUM_CONVERSION = YES;
				CLANG_WARN_INT_CONVERSION = YES;
				CLANG_WARN_OBJC_ROOT_CLASS = YES_ERROR;
				CLANG_WARN_UNREACHABLE_CODE = YES;
				CLANG_WARN__DUPLICATE_METHOD_MATCH = YES;
				"CODE_SIGN_IDENTITY[sdk=iphoneos*]" = "iPhone Developer";
				COPY_PHASE_STRIP = NO;
				DEBUG_INFORMATION_FORMAT = "dwarf-with-dsym";
				ENABLE_NS_ASSERTIONS = NO;
				ENABLE_STRICT_OBJC_MSGSEND = YES;
				GCC_C_LANGUAGE_STANDARD = gnu99;
				GCC_NO_COMMON_BLOCKS = YES;
				GCC_WARN_64_TO_32_BIT_CONVERSION = YES;
				GCC_WARN_ABOUT_RETURN_TYPE = YES_ERROR;
				GCC_WARN_UNDECLARED_SELECTOR = YES;
				GCC_WARN_UNINITIALIZED_AUTOS = YES_AGGRESSIVE;
				GCC_WARN_UNUSED_FUNCTION = YES;
				GCC_WARN_UNUSED_VARIABLE = YES;
				IPHONEOS_DEPLOYMENT_TARGET = 9.1;
				MTL_ENABLE_DEBUG_INFO = NO;
				SDKROOT = iphoneos;
				TARGETED_DEVICE_FAMILY = "1,2";
				VALIDATE_PRODUCT = YES;
			};
			name = Release;
		};
		C1077A971C0D4991004F2238 /* Debug */ = {
			isa = XCBuildConfiguration;
			buildSettings = {
				ASSETCATALOG_COMPILER_APPICON_NAME = AppIcon;
				INFOPLIST_FILE = UITableView/Info.plist;
				LD_RUNPATH_SEARCH_PATHS = "$(inherited) @executable_path/Frameworks";
				PRODUCT_BUNDLE_IDENTIFIER = forward.UITableView;
				PRODUCT_NAME = "$(TARGET_NAME)";
			};
			name = Debug;
		};
		C1077A981C0D4991004F2238 /* Release */ = {
			isa = XCBuildConfiguration;
			buildSettings = {
				ASSETCATALOG_COMPILER_APPICON_NAME = AppIcon;
				INFOPLIST_FILE = UITableView/Info.plist;
				LD_RUNPATH_SEARCH_PATHS = "$(inherited) @executable_path/Frameworks";
				PRODUCT_BUNDLE_IDENTIFIER = forward.UITableView;
				PRODUCT_NAME = "$(TARGET_NAME)";
			};
			name = Release;
		};
/* End XCBuildConfiguration section */

/* Begin XCConfigurationList section */
		C1077A7F1C0D4991004F2238 /* Build configuration list for PBXProject "UITableView" */ = {
			isa = XCConfigurationList;
			buildConfigurations = (
				C1077A941C0D4991004F2238 /* Debug */,
				C1077A951C0D4991004F2238 /* Release */,
			);
			defaultConfigurationIsVisible = 0;
			defaultConfigurationName = Release;
		};
		C1077A961C0D4991004F2238 /* Build configuration list for PBXNativeTarget "UITableView" */ = {
			isa = XCConfigurationList;
			buildConfigurations = (
				C1077A971C0D4991004F2238 /* Debug */,
				C1077A981C0D4991004F2238 /* Release */,
			);
			defaultConfigurationIsVisible = 0;
			defaultConfigurationName = Release;
		};
/* End XCConfigurationList section */
	};
	rootObject = C1077A7C1C0D4991004F2238 /* Project object */;
}
